
Microsoft Visual Studio Solution File, Format Version 12.00
# Visual Studio Version 16
VisualStudioVersion = 16.0.33529.622
MinimumVisualStudioVersion = 10.0.40219.1
Project("{FAE04EC0-301F-11D3-BF4B-00C04F79EFBC}") = "ConsoleApp 4", "ConsoleApp 4\ConsoleApp 4.csproj", "{B6CCA862-F542-4396-A310-B1908BEA88EC}"
EndProject
Global
	GlobalSection(SolutionConfigurationPlatforms) = preSolution
		Debug|Any CPU = Debug|Any CPU
		Release|Any CPU = Release|Any CPU
	EndGlobalSection
	GlobalSection(ProjectConfigurationPlatforms) = postSolution
		{B6CCA862-F542-4396-A310-B1908BEA88EC}.Debug|Any CPU.ActiveCfg = Debug|Any CPU
		{B6CCA862-F542-4396-A310-B1908BEA88EC}.Debug|Any CPU.Build.0 = Debug|Any CPU
		{B6CCA862-F542-4396-A310-B1908BEA88EC}.Release|Any CPU.ActiveCfg = Release|Any CPU
		{B6CCA862-F542-4396-A310-B1908BEA88EC}.Release|Any CPU.Build.0 = Release|Any CPU
	EndGlobalSection
	GlobalSection(SolutionProperties) = preSolution
		HideSolutionNode = FALSE
	EndGlobalSection
	GlobalSection(ExtensibilityGlobals) = postSolution
		SolutionGuid = {B44365C2-D07F-4A5F-B0D8-EE7DAEB7927E}
	EndGlobalSection
EndGlobal
